speakeasyVersion: 1.758.0
sources:
    converge-source:
        sourceNamespace: converge-source
        sourceRevisionDigest: sha256:dae9ba801f7d03522fe81a27dcf9f67a1e182c19bbd34fdc3bda049bcfd1b983
        sourceBlobDigest: sha256:02adfb089a9e2c9e0c5226f38c45316681e853d6e48da881bf34627656a77d08
        tags:
            - latest
            - 1.0.84
targets:
    censys-sdk-go:
        source: converge-source
        sourceNamespace: converge-source
        sourceRevisionDigest: sha256:dae9ba801f7d03522fe81a27dcf9f67a1e182c19bbd34fdc3bda049bcfd1b983
        sourceBlobDigest: sha256:02adfb089a9e2c9e0c5226f38c45316681e853d6e48da881bf34627656a77d08
        codeSamplesNamespace: converge-source-go-code-samples
        codeSamplesRevisionDigest: sha256:22ad51ae4a4df11c073cca19004d06e21a5c35dc76d08e2e282eca3d7e1acb44
workflow:
    workflowVersion: 1.0.0
    speakeasyVersion: latest
    sources:
        converge-source:
            inputs:
                - location: https://github.com/censys/censys-sdk-openapi/releases/latest/download/openapi.yaml
            registry:
                location: registry.speakeasyapi.dev/censys/censys/converge-source
    targets:
        censys-sdk-go:
            target: go
            source: converge-source
            codeSamples:
                registry:
                    location: registry.speakeasyapi.dev/censys/censys/converge-source-go-code-samples
                labelOverride:
                    fixedValue: Go (SDK)
                blocking: false
