speakeasyVersion: 1.761.0
sources:
    converge-source:
        sourceNamespace: converge-source
        sourceRevisionDigest: sha256:5aeeb8be4b2dd9642bdf4e14f25fb2b0eecb02f7999443a13cec21284b47ff59
        sourceBlobDigest: sha256:a18a7a3f4d1d54389986325f5032b3cd34042f2a9bd0d592635e14105378b731
        tags:
            - latest
            - 1.0.89
targets:
    censys-sdk-go:
        source: converge-source
        sourceNamespace: converge-source
        sourceRevisionDigest: sha256:5aeeb8be4b2dd9642bdf4e14f25fb2b0eecb02f7999443a13cec21284b47ff59
        sourceBlobDigest: sha256:a18a7a3f4d1d54389986325f5032b3cd34042f2a9bd0d592635e14105378b731
        codeSamplesNamespace: converge-source-go-code-samples
        codeSamplesRevisionDigest: sha256:f1e6af8c43075899d45a824b379b2f4c04c6a4a6aa052c1bbaae92d1aca43e4a
workflow:
    workflowVersion: 1.0.0
    speakeasyVersion: latest
    sources:
        converge-source:
            inputs:
                - location: https://github.com/censys/censys-sdk-openapi/releases/latest/download/openapi.yaml
            registry:
                location: registry.speakeasyapi.dev/censys/censys/converge-source
    targets:
        censys-sdk-go:
            target: go
            source: converge-source
            codeSamples:
                registry:
                    location: registry.speakeasyapi.dev/censys/censys/converge-source-go-code-samples
                labelOverride:
                    fixedValue: Go (SDK)
                blocking: false
