speakeasyVersion: 1.633.1
sources:
    converge-source:
        sourceNamespace: converge-source
        sourceRevisionDigest: sha256:01343a9d3dae8f795339ca5b7edb9283148ce6138d99001c41d9a5cb42984a95
        sourceBlobDigest: sha256:84d04797b68a194eb389f21aadcfe3da836031f5f5066ca433a1e0da1193d8c4
        tags:
            - latest
            - speakeasy-sdk-regen-1759352251
            - 1.0.42
targets:
    censys-sdk-go:
        source: converge-source
        sourceNamespace: converge-source
        sourceRevisionDigest: sha256:01343a9d3dae8f795339ca5b7edb9283148ce6138d99001c41d9a5cb42984a95
        sourceBlobDigest: sha256:84d04797b68a194eb389f21aadcfe3da836031f5f5066ca433a1e0da1193d8c4
        codeSamplesNamespace: converge-source-go-code-samples
        codeSamplesRevisionDigest: sha256:e54c7b4cb71e04a37680e7fb098682da5952bfde70be492f027909cd20011115
workflow:
    workflowVersion: 1.0.0
    speakeasyVersion: latest
    sources:
        converge-source:
            inputs:
                - location: https://github.com/censys/censys-sdk-openapi/releases/latest/download/openapi.yaml
            registry:
                location: registry.speakeasyapi.dev/censys/censys/converge-source
    targets:
        censys-sdk-go:
            target: go
            source: converge-source
            codeSamples:
                registry:
                    location: registry.speakeasyapi.dev/censys/censys/converge-source-go-code-samples
                labelOverride:
                    fixedValue: Go (SDK)
                blocking: false
